schema: '2.0'
stages:
  preprocess:
    cmd: python raw_dataset/preprocess_dataset.py
    deps:
    - path: raw_dataset/preprocess_dataset.py
      hash: md5
      md5: 86e49fc7f43f10f13b4ae5c0d3b7b163
      size: 3501
    - path: raw_dataset/utils_and_constants.py
      hash: md5
      md5: dfa945db8943011f5d9c28ff3dfac9e0
      size: 403
    - path: raw_dataset/weather.csv
      hash: md5
      md5: 9670c5d5106c583cb76467c721867042
      size: 2865022
    outs:
    - path: processed_dataset/weather.csv
      hash: md5
      md5: 53a97f8296999d1e82a5c504e74ac1f4
      size: 11015821
  train:
    cmd: python raw_dataset/train.py
    deps:
    - path: processed_dataset/weather.csv
      hash: md5
      md5: 53a97f8296999d1e82a5c504e74ac1f4
      size: 11015821
    - path: raw_dataset/metrics_and_plots.py
      hash: md5
      md5: 5f5ba7476f81fb3592014dfcb3c9643f
      size: 560
    - path: raw_dataset/model.py
      hash: md5
      md5: d21aea7eb29ee55abf3fca1ccf010e0f
      size: 924
    - path: raw_dataset/train.py
      hash: md5
      md5: 7f5c3c93535f6600b51e604d9a807f84
      size: 1208
    - path: raw_dataset/utils_and_constants.py
      hash: md5
      md5: dfa945db8943011f5d9c28ff3dfac9e0
      size: 403
    outs:
    - path: confusion_matrix.png
      hash: md5
      md5: 59916abfb88f0d6d9b0837be904b3985
      size: 14308
    - path: metrics.json
      hash: md5
      md5: 964400ca6c65ee1420a0ab58ec1f023f
      size: 79
    - path: predictions.csv
      hash: md5
      md5: df29dfdfc2a2f7334ca4ebc7c9a43cb7
      size: 66046
